
Microsoft Visual Studio Solution File, Format Version 12.00
# Visual Studio Version 17
VisualStudioVersion = 17.2.32616.157
MinimumVisualStudioVersion = 10.0.40219.1
Project("{8BC9CEB8-8B4A-11D0-8D11-00A0C91BC942}") = "Sudoku", "Sudoku\Sudoku.vcxproj", "{65D7B058-B420-43FD-B67B-9CFB4272A91F}"
EndProject
Global
	GlobalSection(SolutionConfigurationPlatforms) = preSolution
		Debug|x64 = Debug|x64
		Debug|x86 = Debug|x86
		Release|x64 = Release|x64
		Release|x86 = Release|x86
	EndGlobalSection
	GlobalSection(ProjectConfigurationPlatforms) = postSolution
		{65D7B058-B420-43FD-B67B-9CFB4272A91F}.Debug|x64.ActiveCfg = Debug|x64
		{65D7B058-B420-43FD-B67B-9CFB4272A91F}.Debug|x64.Build.0 = Debug|x64
		{65D7B058-B420-43FD-B67B-9CFB4272A91F}.Debug|x86.ActiveCfg = Debug|Win32
		{65D7B058-B420-43FD-B67B-9CFB4272A91F}.Debug|x86.Build.0 = Debug|Win32
		{65D7B058-B420-43FD-B67B-9CFB4272A91F}.Release|x64.ActiveCfg = Release|x64
		{65D7B058-B420-43FD-B67B-9CFB4272A91F}.Release|x64.Build.0 = Release|x64
		{65D7B058-B420-43FD-B67B-9CFB4272A91F}.Release|x86.ActiveCfg = Release|Win32
		{65D7B058-B420-43FD-B67B-9CFB4272A91F}.Release|x86.Build.0 = Release|Win32
	EndGlobalSection
	GlobalSection(SolutionProperties) = preSolution
		HideSolutionNode = FALSE
	EndGlobalSection
	GlobalSection(ExtensibilityGlobals) = postSolution
		SolutionGuid = {419D28C5-5058-426D-A962-AC14B3D0BF2B}
	EndGlobalSection
EndGlobal
